{
  "name": "quickjs-basic-test",
  "version": "1.0.0",
  "lockfileVersion": 3,
  "requires": true,
  "packages": {
    "": {
      "name": "quickjs-basic-test",
      "version": "1.0.0",
      "license": "MIT",
      "dependencies": {
        "@jitl/quickjs-wasmfile-debug-sync": "^0.29.1",
        "quickjs-emscripten-core": "^0.29.1"
      }
    },
    "node_modules/@jitl/quickjs-ffi-types": {
      "version": "0.29.1",
      "resolved": "https://registry.npmjs.org/@jitl/quickjs-ffi-types/-/quickjs-ffi-types-0.29.1.tgz",
      "integrity": "sha512-dVt//PvFmwNJIwfyfPx7vR6cg7mLnAq6/THbhIeZ3NqXb66qXQATnW2gNqAnOcTh1D/f6HyrHFwRf3GdKUN3nw=="
    },
    "node_modules/@jitl/quickjs-wasmfile-debug-sync": {
      "version": "0.29.1",
      "resolved": "https://registry.npmjs.org/@jitl/quickjs-wasmfile-debug-sync/-/quickjs-wasmfile-debug-sync-0.29.1.tgz",
      "integrity": "sha512-qn6cxqg2fvobiJtQ/xHVSZH55djraIQ7g+9XGyJjf+ofsn1taMG8T5TIR2iZL7TMSdCRZkGiJeNOp9UaFCTN2w==",
      "dependencies": {
        "@jitl/quickjs-ffi-types": "0.29.1"
      }
    },
    "node_modules/quickjs-emscripten-core": {
      "version": "0.29.1",
      "resolved": "https://registry.npmjs.org/quickjs-emscripten-core/-/quickjs-emscripten-core-0.29.1.tgz",
      "integrity": "sha512-urFIWrPgKfzLFe/IwE8px3Oznb7UGsXpMjHLe15PTPbWongXmy6KAyxRpYFW8K/dDELilg0H/voysHbWHKj6uA==",
      "dependencies": {
        "@jitl/quickjs-ffi-types": "0.29.1"
      }
    }
  }
}
